
Microsoft Visual Studio Solution File, Format Version 12.00
# Visual Studio 14
VisualStudioVersion = 14.0.23107.0
MinimumVisualStudioVersion = 10.0.40219.1
Project("{8BC9CEB8-8B4A-11D0-8D11-00A0C91BC942}") = "260915_PointersAndFunctions", "Test\Test.vcxproj", "{B1AFD186-7F76-418A-8544-A57BFFDE519C}"
EndProject
Project("{8BC9CEB8-8B4A-11D0-8D11-00A0C91BC942}") = "031015_Strings", "031015\031015.vcxproj", "{E670896B-2FFE-4F73-91D4-E711BA443FA0}"
EndProject
Project("{8BC9CEB8-8B4A-11D0-8D11-00A0C91BC942}") = "Studentrandomizer", "Studentrandomizer\Studentrandomizer.vcxproj", "{FBD828E5-5998-4E69-B794-4600F8EAC389}"
EndProject
Project("{8BC9CEB8-8B4A-11D0-8D11-00A0C91BC942}") = "101015_TwoDimArrays", "TwoDimArrays\TwoDimArrays.vcxproj", "{C84E5EBB-1E73-4558-B16A-E577C30C4914}"
EndProject
Project("{8BC9CEB8-8B4A-11D0-8D11-00A0C91BC942}") = "171015_Arrays_2", "171015_Arrays_2\171015_Arrays_2.vcxproj", "{142C17AF-05DA-40F4-9B4E-688FD29B1FB6}"
EndProject
Project("{8BC9CEB8-8B4A-11D0-8D11-00A0C91BC942}") = "241015_Structures", "241015_Structures\241015_Structures.vcxproj", "{195BC373-F941-4451-A410-6800C2297A41}"
EndProject
Project("{8BC9CEB8-8B4A-11D0-8D11-00A0C91BC942}") = "311015_heap", "311015_heap\311015_heap.vcxproj", "{40B245E7-CF4F-41C6-A6E9-FD3DDBE5D122}"
EndProject
Project("{8BC9CEB8-8B4A-11D0-8D11-00A0C91BC942}") = "071115_2DArrays", "071115_2DArrays\071115_2DArrays.vcxproj", "{0EF956D2-5043-4445-B237-D2F101CCF8F2}"
EndProject
Project("{8BC9CEB8-8B4A-11D0-8D11-00A0C91BC942}") = "14112015_Queue", "14112015_Queue\14112015_Queue.vcxproj", "{B5487A1E-F196-451B-97C2-DD7441C182E7}"
EndProject
Project("{8BC9CEB8-8B4A-11D0-8D11-00A0C91BC942}") = "281115_List", "281115_List\281115_List.vcxproj", "{5A39FC70-0D75-44B6-A50A-85A5BA23E98F}"
EndProject
Project("{8BC9CEB8-8B4A-11D0-8D11-00A0C91BC942}") = "051215_List2", "051215_List2\051215_List2.vcxproj", "{D78FD63B-F4E2-416D-B865-358F180B52B6}"
EndProject
Project("{8BC9CEB8-8B4A-11D0-8D11-00A0C91BC942}") = "121215_Files", "121215_Files\121215_Files.vcxproj", "{E98F2977-267B-45D4-BB9C-8E6001126FB3}"
EndProject
Global
	GlobalSection(SolutionConfigurationPlatforms) = preSolution
		Debug|Any CPU = Debug|Any CPU
		Debug|Mixed Platforms = Debug|Mixed Platforms
		Debug|Win32 = Debug|Win32
		Debug|x64 = Debug|x64
		Release|Any CPU = Release|Any CPU
		Release|Mixed Platforms = Release|Mixed Platforms
		Release|Win32 = Release|Win32
		Release|x64 = Release|x64
	EndGlobalSection
	GlobalSection(ProjectConfigurationPlatforms) = postSolution
		{B1AFD186-7F76-418A-8544-A57BFFDE519C}.Debug|Any CPU.ActiveCfg = Debug|Win32
		{B1AFD186-7F76-418A-8544-A57BFFDE519C}.Debug|Mixed Platforms.ActiveCfg = Debug|Win32
		{B1AFD186-7F76-418A-8544-A57BFFDE519C}.Debug|Mixed Platforms.Build.0 = Debug|Win32
		{B1AFD186-7F76-418A-8544-A57BFFDE519C}.Debug|Win32.ActiveCfg = Debug|Win32
		{B1AFD186-7F76-418A-8544-A57BFFDE519C}.Debug|Win32.Build.0 = Debug|Win32
		{B1AFD186-7F76-418A-8544-A57BFFDE519C}.Debug|x64.ActiveCfg = Debug|Win32
		{B1AFD186-7F76-418A-8544-A57BFFDE519C}.Release|Any CPU.ActiveCfg = Release|Win32
		{B1AFD186-7F76-418A-8544-A57BFFDE519C}.Release|Mixed Platforms.ActiveCfg = Release|Win32
		{B1AFD186-7F76-418A-8544-A57BFFDE519C}.Release|Mixed Platforms.Build.0 = Release|Win32
		{B1AFD186-7F76-418A-8544-A57BFFDE519C}.Release|Win32.ActiveCfg = Release|Win32
		{B1AFD186-7F76-418A-8544-A57BFFDE519C}.Release|Win32.Build.0 = Release|Win32
		{B1AFD186-7F76-418A-8544-A57BFFDE519C}.Release|x64.ActiveCfg = Release|Win32
		{E670896B-2FFE-4F73-91D4-E711BA443FA0}.Debug|Any CPU.ActiveCfg = Debug|Win32
		{E670896B-2FFE-4F73-91D4-E711BA443FA0}.Debug|Mixed Platforms.ActiveCfg = Debug|Win32
		{E670896B-2FFE-4F73-91D4-E711BA443FA0}.Debug|Mixed Platforms.Build.0 = Debug|Win32
		{E670896B-2FFE-4F73-91D4-E711BA443FA0}.Debug|Win32.ActiveCfg = Debug|Win32
		{E670896B-2FFE-4F73-91D4-E711BA443FA0}.Debug|Win32.Build.0 = Debug|Win32
		{E670896B-2FFE-4F73-91D4-E711BA443FA0}.Debug|x64.ActiveCfg = Debug|Win32
		{E670896B-2FFE-4F73-91D4-E711BA443FA0}.Release|Any CPU.ActiveCfg = Release|Win32
		{E670896B-2FFE-4F73-91D4-E711BA443FA0}.Release|Mixed Platforms.ActiveCfg = Release|Win32
		{E670896B-2FFE-4F73-91D4-E711BA443FA0}.Release|Mixed Platforms.Build.0 = Release|Win32
		{E670896B-2FFE-4F73-91D4-E711BA443FA0}.Release|Win32.ActiveCfg = Release|Win32
		{E670896B-2FFE-4F73-91D4-E711BA443FA0}.Release|Win32.Build.0 = Release|Win32
		{E670896B-2FFE-4F73-91D4-E711BA443FA0}.Release|x64.ActiveCfg = Release|Win32
		{FBD828E5-5998-4E69-B794-4600F8EAC389}.Debug|Any CPU.ActiveCfg = Debug|Win32
		{FBD828E5-5998-4E69-B794-4600F8EAC389}.Debug|Mixed Platforms.ActiveCfg = Debug|Win32
		{FBD828E5-5998-4E69-B794-4600F8EAC389}.Debug|Mixed Platforms.Build.0 = Debug|Win32
		{FBD828E5-5998-4E69-B794-4600F8EAC389}.Debug|Win32.ActiveCfg = Debug|Win32
		{FBD828E5-5998-4E69-B794-4600F8EAC389}.Debug|Win32.Build.0 = Debug|Win32
		{FBD828E5-5998-4E69-B794-4600F8EAC389}.Debug|x64.ActiveCfg = Debug|Win32
		{FBD828E5-5998-4E69-B794-4600F8EAC389}.Release|Any CPU.ActiveCfg = Release|Win32
		{FBD828E5-5998-4E69-B794-4600F8EAC389}.Release|Mixed Platforms.ActiveCfg = Release|Win32
		{FBD828E5-5998-4E69-B794-4600F8EAC389}.Release|Mixed Platforms.Build.0 = Release|Win32
		{FBD828E5-5998-4E69-B794-4600F8EAC389}.Release|Win32.ActiveCfg = Release|Win32
		{FBD828E5-5998-4E69-B794-4600F8EAC389}.Release|Win32.Build.0 = Release|Win32
		{FBD828E5-5998-4E69-B794-4600F8EAC389}.Release|x64.ActiveCfg = Release|Win32
		{C84E5EBB-1E73-4558-B16A-E577C30C4914}.Debug|Any CPU.ActiveCfg = Debug|Win32
		{C84E5EBB-1E73-4558-B16A-E577C30C4914}.Debug|Mixed Platforms.ActiveCfg = Debug|Win32
		{C84E5EBB-1E73-4558-B16A-E577C30C4914}.Debug|Mixed Platforms.Build.0 = Debug|Win32
		{C84E5EBB-1E73-4558-B16A-E577C30C4914}.Debug|Win32.ActiveCfg = Debug|Win32
		{C84E5EBB-1E73-4558-B16A-E577C30C4914}.Debug|Win32.Build.0 = Debug|Win32
		{C84E5EBB-1E73-4558-B16A-E577C30C4914}.Debug|x64.ActiveCfg = Debug|Win32
		{C84E5EBB-1E73-4558-B16A-E577C30C4914}.Release|Any CPU.ActiveCfg = Release|Win32
		{C84E5EBB-1E73-4558-B16A-E577C30C4914}.Release|Mixed Platforms.ActiveCfg = Release|Win32
		{C84E5EBB-1E73-4558-B16A-E577C30C4914}.Release|Mixed Platforms.Build.0 = Release|Win32
		{C84E5EBB-1E73-4558-B16A-E577C30C4914}.Release|Win32.ActiveCfg = Release|Win32
		{C84E5EBB-1E73-4558-B16A-E577C30C4914}.Release|Win32.Build.0 = Release|Win32
		{C84E5EBB-1E73-4558-B16A-E577C30C4914}.Release|x64.ActiveCfg = Release|Win32
		{142C17AF-05DA-40F4-9B4E-688FD29B1FB6}.Debug|Any CPU.ActiveCfg = Debug|Win32
		{142C17AF-05DA-40F4-9B4E-688FD29B1FB6}.Debug|Mixed Platforms.ActiveCfg = Debug|Win32
		{142C17AF-05DA-40F4-9B4E-688FD29B1FB6}.Debug|Mixed Platforms.Build.0 = Debug|Win32
		{142C17AF-05DA-40F4-9B4E-688FD29B1FB6}.Debug|Win32.ActiveCfg = Debug|Win32
		{142C17AF-05DA-40F4-9B4E-688FD29B1FB6}.Debug|Win32.Build.0 = Debug|Win32
		{142C17AF-05DA-40F4-9B4E-688FD29B1FB6}.Debug|x64.ActiveCfg = Debug|Win32
		{142C17AF-05DA-40F4-9B4E-688FD29B1FB6}.Release|Any CPU.ActiveCfg = Release|Win32
		{142C17AF-05DA-40F4-9B4E-688FD29B1FB6}.Release|Mixed Platforms.ActiveCfg = Release|Win32
		{142C17AF-05DA-40F4-9B4E-688FD29B1FB6}.Release|Mixed Platforms.Build.0 = Release|Win32
		{142C17AF-05DA-40F4-9B4E-688FD29B1FB6}.Release|Win32.ActiveCfg = Release|Win32
		{142C17AF-05DA-40F4-9B4E-688FD29B1FB6}.Release|Win32.Build.0 = Release|Win32
		{142C17AF-05DA-40F4-9B4E-688FD29B1FB6}.Release|x64.ActiveCfg = Release|Win32
		{195BC373-F941-4451-A410-6800C2297A41}.Debug|Any CPU.ActiveCfg = Debug|Win32
		{195BC373-F941-4451-A410-6800C2297A41}.Debug|Mixed Platforms.ActiveCfg = Debug|Win32
		{195BC373-F941-4451-A410-6800C2297A41}.Debug|Mixed Platforms.Build.0 = Debug|Win32
		{195BC373-F941-4451-A410-6800C2297A41}.Debug|Win32.ActiveCfg = Debug|Win32
		{195BC373-F941-4451-A410-6800C2297A41}.Debug|Win32.Build.0 = Debug|Win32
		{195BC373-F941-4451-A410-6800C2297A41}.Debug|x64.ActiveCfg = Debug|Win32
		{195BC373-F941-4451-A410-6800C2297A41}.Release|Any CPU.ActiveCfg = Release|Win32
		{195BC373-F941-4451-A410-6800C2297A41}.Release|Mixed Platforms.ActiveCfg = Release|Win32
		{195BC373-F941-4451-A410-6800C2297A41}.Release|Mixed Platforms.Build.0 = Release|Win32
		{195BC373-F941-4451-A410-6800C2297A41}.Release|Win32.ActiveCfg = Release|Win32
		{195BC373-F941-4451-A410-6800C2297A41}.Release|Win32.Build.0 = Release|Win32
		{195BC373-F941-4451-A410-6800C2297A41}.Release|x64.ActiveCfg = Release|Win32
		{40B245E7-CF4F-41C6-A6E9-FD3DDBE5D122}.Debug|Any CPU.ActiveCfg = Debug|Win32
		{40B245E7-CF4F-41C6-A6E9-FD3DDBE5D122}.Debug|Mixed Platforms.ActiveCfg = Debug|Win32
		{40B245E7-CF4F-41C6-A6E9-FD3DDBE5D122}.Debug|Mixed Platforms.Build.0 = Debug|Win32
		{40B245E7-CF4F-41C6-A6E9-FD3DDBE5D122}.Debug|Win32.ActiveCfg = Debug|Win32
		{40B245E7-CF4F-41C6-A6E9-FD3DDBE5D122}.Debug|Win32.Build.0 = Debug|Win32
		{40B245E7-CF4F-41C6-A6E9-FD3DDBE5D122}.Debug|x64.ActiveCfg = Debug|Win32
		{40B245E7-CF4F-41C6-A6E9-FD3DDBE5D122}.Release|Any CPU.ActiveCfg = Release|Win32
		{40B245E7-CF4F-41C6-A6E9-FD3DDBE5D122}.Release|Mixed Platforms.ActiveCfg = Release|Win32
		{40B245E7-CF4F-41C6-A6E9-FD3DDBE5D122}.Release|Mixed Platforms.Build.0 = Release|Win32
		{40B245E7-CF4F-41C6-A6E9-FD3DDBE5D122}.Release|Win32.ActiveCfg = Release|Win32
		{40B245E7-CF4F-41C6-A6E9-FD3DDBE5D122}.Release|Win32.Build.0 = Release|Win32
		{40B245E7-CF4F-41C6-A6E9-FD3DDBE5D122}.Release|x64.ActiveCfg = Release|Win32
		{0EF956D2-5043-4445-B237-D2F101CCF8F2}.Debug|Any CPU.ActiveCfg = Debug|Win32
		{0EF956D2-5043-4445-B237-D2F101CCF8F2}.Debug|Mixed Platforms.ActiveCfg = Debug|Win32
		{0EF956D2-5043-4445-B237-D2F101CCF8F2}.Debug|Mixed Platforms.Build.0 = Debug|Win32
		{0EF956D2-5043-4445-B237-D2F101CCF8F2}.Debug|Win32.ActiveCfg = Debug|Win32
		{0EF956D2-5043-4445-B237-D2F101CCF8F2}.Debug|Win32.Build.0 = Debug|Win32
		{0EF956D2-5043-4445-B237-D2F101CCF8F2}.Debug|x64.ActiveCfg = Debug|Win32
		{0EF956D2-5043-4445-B237-D2F101CCF8F2}.Release|Any CPU.ActiveCfg = Release|Win32
		{0EF956D2-5043-4445-B237-D2F101CCF8F2}.Release|Mixed Platforms.ActiveCfg = Release|Win32
		{0EF956D2-5043-4445-B237-D2F101CCF8F2}.Release|Mixed Platforms.Build.0 = Release|Win32
		{0EF956D2-5043-4445-B237-D2F101CCF8F2}.Release|Win32.ActiveCfg = Release|Win32
		{0EF956D2-5043-4445-B237-D2F101CCF8F2}.Release|Win32.Build.0 = Release|Win32
		{0EF956D2-5043-4445-B237-D2F101CCF8F2}.Release|x64.ActiveCfg = Release|Win32
		{B5487A1E-F196-451B-97C2-DD7441C182E7}.Debug|Any CPU.ActiveCfg = Debug|Win32
		{B5487A1E-F196-451B-97C2-DD7441C182E7}.Debug|Mixed Platforms.ActiveCfg = Debug|Win32
		{B5487A1E-F196-451B-97C2-DD7441C182E7}.Debug|Mixed Platforms.Build.0 = Debug|Win32
		{B5487A1E-F196-451B-97C2-DD7441C182E7}.Debug|Win32.ActiveCfg = Debug|Win32
		{B5487A1E-F196-451B-97C2-DD7441C182E7}.Debug|Win32.Build.0 = Debug|Win32
		{B5487A1E-F196-451B-97C2-DD7441C182E7}.Debug|x64.ActiveCfg = Debug|Win32
		{B5487A1E-F196-451B-97C2-DD7441C182E7}.Release|Any CPU.ActiveCfg = Release|Win32
		{B5487A1E-F196-451B-97C2-DD7441C182E7}.Release|Mixed Platforms.ActiveCfg = Release|Win32
		{B5487A1E-F196-451B-97C2-DD7441C182E7}.Release|Mixed Platforms.Build.0 = Release|Win32
		{B5487A1E-F196-451B-97C2-DD7441C182E7}.Release|Win32.ActiveCfg = Release|Win32
		{B5487A1E-F196-451B-97C2-DD7441C182E7}.Release|Win32.Build.0 = Release|Win32
		{B5487A1E-F196-451B-97C2-DD7441C182E7}.Release|x64.ActiveCfg = Release|Win32
		{5A39FC70-0D75-44B6-A50A-85A5BA23E98F}.Debug|Any CPU.ActiveCfg = Debug|Win32
		{5A39FC70-0D75-44B6-A50A-85A5BA23E98F}.Debug|Mixed Platforms.ActiveCfg = Debug|Win32
		{5A39FC70-0D75-44B6-A50A-85A5BA23E98F}.Debug|Mixed Platforms.Build.0 = Debug|Win32
		{5A39FC70-0D75-44B6-A50A-85A5BA23E98F}.Debug|Win32.ActiveCfg = Debug|Win32
		{5A39FC70-0D75-44B6-A50A-85A5BA23E98F}.Debug|Win32.Build.0 = Debug|Win32
		{5A39FC70-0D75-44B6-A50A-85A5BA23E98F}.Debug|x64.ActiveCfg = Debug|x64
		{5A39FC70-0D75-44B6-A50A-85A5BA23E98F}.Debug|x64.Build.0 = Debug|x64
		{5A39FC70-0D75-44B6-A50A-85A5BA23E98F}.Release|Any CPU.ActiveCfg = Release|Win32
		{5A39FC70-0D75-44B6-A50A-85A5BA23E98F}.Release|Mixed Platforms.ActiveCfg = Release|Win32
		{5A39FC70-0D75-44B6-A50A-85A5BA23E98F}.Release|Mixed Platforms.Build.0 = Release|Win32
		{5A39FC70-0D75-44B6-A50A-85A5BA23E98F}.Release|Win32.ActiveCfg = Release|Win32
		{5A39FC70-0D75-44B6-A50A-85A5BA23E98F}.Release|Win32.Build.0 = Release|Win32
		{5A39FC70-0D75-44B6-A50A-85A5BA23E98F}.Release|x64.ActiveCfg = Release|x64
		{5A39FC70-0D75-44B6-A50A-85A5BA23E98F}.Release|x64.Build.0 = Release|x64
		{D78FD63B-F4E2-416D-B865-358F180B52B6}.Debug|Any CPU.ActiveCfg = Debug|Win32
		{D78FD63B-F4E2-416D-B865-358F180B52B6}.Debug|Mixed Platforms.ActiveCfg = Debug|Win32
		{D78FD63B-F4E2-416D-B865-358F180B52B6}.Debug|Mixed Platforms.Build.0 = Debug|Win32
		{D78FD63B-F4E2-416D-B865-358F180B52B6}.Debug|Win32.ActiveCfg = Debug|Win32
		{D78FD63B-F4E2-416D-B865-358F180B52B6}.Debug|Win32.Build.0 = Debug|Win32
		{D78FD63B-F4E2-416D-B865-358F180B52B6}.Debug|x64.ActiveCfg = Debug|x64
		{D78FD63B-F4E2-416D-B865-358F180B52B6}.Debug|x64.Build.0 = Debug|x64
		{D78FD63B-F4E2-416D-B865-358F180B52B6}.Release|Any CPU.ActiveCfg = Release|Win32
		{D78FD63B-F4E2-416D-B865-358F180B52B6}.Release|Mixed Platforms.ActiveCfg = Release|Win32
		{D78FD63B-F4E2-416D-B865-358F180B52B6}.Release|Mixed Platforms.Build.0 = Release|Win32
		{D78FD63B-F4E2-416D-B865-358F180B52B6}.Release|Win32.ActiveCfg = Release|Win32
		{D78FD63B-F4E2-416D-B865-358F180B52B6}.Release|Win32.Build.0 = Release|Win32
		{D78FD63B-F4E2-416D-B865-358F180B52B6}.Release|x64.ActiveCfg = Release|x64
		{D78FD63B-F4E2-416D-B865-358F180B52B6}.Release|x64.Build.0 = Release|x64
		{E98F2977-267B-45D4-BB9C-8E6001126FB3}.Debug|Any CPU.ActiveCfg = Debug|Win32
		{E98F2977-267B-45D4-BB9C-8E6001126FB3}.Debug|Mixed Platforms.ActiveCfg = Debug|Win32
		{E98F2977-267B-45D4-BB9C-8E6001126FB3}.Debug|Mixed Platforms.Build.0 = Debug|Win32
		{E98F2977-267B-45D4-BB9C-8E6001126FB3}.Debug|Win32.ActiveCfg = Debug|Win32
		{E98F2977-267B-45D4-BB9C-8E6001126FB3}.Debug|Win32.Build.0 = Debug|Win32
		{E98F2977-267B-45D4-BB9C-8E6001126FB3}.Debug|x64.ActiveCfg = Debug|x64
		{E98F2977-267B-45D4-BB9C-8E6001126FB3}.Debug|x64.Build.0 = Debug|x64
		{E98F2977-267B-45D4-BB9C-8E6001126FB3}.Release|Any CPU.ActiveCfg = Release|Win32
		{E98F2977-267B-45D4-BB9C-8E6001126FB3}.Release|Mixed Platforms.ActiveCfg = Release|Win32
		{E98F2977-267B-45D4-BB9C-8E6001126FB3}.Release|Mixed Platforms.Build.0 = Release|Win32
		{E98F2977-267B-45D4-BB9C-8E6001126FB3}.Release|Win32.ActiveCfg = Release|Win32
		{E98F2977-267B-45D4-BB9C-8E6001126FB3}.Release|Win32.Build.0 = Release|Win32
		{E98F2977-267B-45D4-BB9C-8E6001126FB3}.Release|x64.ActiveCfg = Release|x64
		{E98F2977-267B-45D4-BB9C-8E6001126FB3}.Release|x64.Build.0 = Release|x64
	EndGlobalSection
	GlobalSection(SolutionProperties) = preSolution
		HideSolutionNode = FALSE
	EndGlobalSection
EndGlobal
